<?xml version="1.0" encoding="utf-8"?>
<Project ToolsVersion="4.0" xmlns="http://schemas.microsoft.com/developer/msbuild/2003">
  <ItemGroup>
    <Filter Include="Source Files">
      <UniqueIdentifier>{4FC737F1-C7A5-4376-A066-2A32D752A2FF}</UniqueIdentifier>
      <Extensions>cpp;c;cc;cxx;c++;cppm;ixx;def;odl;idl;hpj;bat;asm;asmx</Extensions>
    </Filter>
    <Filter Include="Header Files">
      <UniqueIdentifier>{93995380-89BD-4b04-88EB-625FBE52EBFB}</UniqueIdentifier>
      <Extensions>h;hh;hpp;hxx;h++;hm;inl;inc;ipp;xsd</Extensions>
    </Filter>
    <Filter Include="Resource Files">
      <UniqueIdentifier>{67DA6AB6-F800-4c08-8B7A-83BB121AAD01}</UniqueIdentifier>
      <Extensions>rc;ico;cur;bmp;dlg;rc2;rct;bin;rgs;gif;jpg;jpeg;jpe;resx;tiff;tif;png;wav;mfcribbon-ms</Extensions>
    </Filter>
    <Filter Include="src">
      <UniqueIdentifier>{D0D2EBA1-4D5B-4F12-90C5-0E6C97D9E001}</UniqueIdentifier>
    </Filter>
    <Filter Include="src\app">
      <UniqueIdentifier>{D0D2EBA1-4D5B-4F12-90C5-0E6C97D9E002}</UniqueIdentifier>
    </Filter>
    <Filter Include="src\platform">
      <UniqueIdentifier>{D0D2EBA1-4D5B-4F12-90C5-0E6C97D9E003}</UniqueIdentifier>
    </Filter>
    <Filter Include="src\rendering">
      <UniqueIdentifier>{D0D2EBA1-4D5B-4F12-90C5-0E6C97D9E004}</UniqueIdentifier>
    </Filter>
    <Filter Include="src\ui">
      <UniqueIdentifier>{D0D2EBA1-4D5B-4F12-90C5-0E6C97D9E005}</UniqueIdentifier>
    </Filter>
    <Filter Include="src\input">
      <UniqueIdentifier>{D0D2EBA1-4D5B-4F12-90C5-0E6C97D9E006}</UniqueIdentifier>
    </Filter>
    <Filter Include="src\models">
      <UniqueIdentifier>{D0D2EBA1-4D5B-4F12-90C5-0E6C97D9E007}</UniqueIdentifier>
    </Filter>
    <Filter Include="src\effects">
      <UniqueIdentifier>{D0D2EBA1-4D5B-4F12-90C5-0E6C97D9E008}</UniqueIdentifier>
    </Filter>
    <Filter Include="src\util">
      <UniqueIdentifier>{D0D2EBA1-4D5B-4F12-90C5-0E6C97D9E009}</UniqueIdentifier>
    </Filter>
    <Filter Include="external">
      <UniqueIdentifier>{D0D2EBA1-4D5B-4F12-90C5-0E6C97D9E010}</UniqueIdentifier>
    </Filter>
    <Filter Include="external\imgui">
      <UniqueIdentifier>{D0D2EBA1-4D5B-4F12-90C5-0E6C97D9E011}</UniqueIdentifier>
    </Filter>
    <Filter Include="external\imgui\backends">
      <UniqueIdentifier>{D0D2EBA1-4D5B-4F12-90C5-0E6C97D9E012}</UniqueIdentifier>
    </Filter>
  </ItemGroup>
  <ItemGroup>
    <ClCompile Include="src\app\Application.cpp">
      <Filter>src\app</Filter>
    </ClCompile>
    <ClCompile Include="src\app\main.cpp">
      <Filter>src\app</Filter>
    </ClCompile>
    <ClCompile Include="src\platform\Win32Window.cpp">
      <Filter>src\platform</Filter>
    </ClCompile>
    <ClCompile Include="src\rendering\D3D11Renderer.cpp">
      <Filter>src\rendering</Filter>
    </ClCompile>
    <ClCompile Include="src\ui\KeyboardLayoutPresets.cpp">
      <Filter>src\ui</Filter>
    </ClCompile>
    <ClCompile Include="src\ui\OverlayConsoleCommandTracker.cpp">
      <Filter>src\ui</Filter>
    </ClCompile>
    <ClCompile Include="src\ui\OverlayContentRenderer.cpp">
      <Filter>src\ui</Filter>
    </ClCompile>
    <ClCompile Include="src\ui\OverlayFontAtlas.cpp">
      <Filter>src\ui</Filter>
    </ClCompile>
    <ClCompile Include="src\ui\OverlayKeyRenderer.cpp">
      <Filter>src\ui</Filter>
    </ClCompile>
    <ClCompile Include="src\ui\OverlayUILayout.cpp">
      <Filter>src\ui</Filter>
    </ClCompile>
    <ClCompile Include="src\ui\OverlayPanelMetrics.cpp">
      <Filter>src\ui</Filter>
    </ClCompile>
    <ClCompile Include="src\ui\OverlayPanelRenderer.cpp">
      <Filter>src\ui</Filter>
    </ClCompile>
    <ClCompile Include="src\ui\OverlayRenderContext.cpp">
      <Filter>src\ui</Filter>
    </ClCompile>
    <ClCompile Include="src\ui\OverlayStateUpdater.cpp">
      <Filter>src\ui</Filter>
    </ClCompile>
    <ClCompile Include="src\ui\OverlayUIConfig.cpp">
      <Filter>src\ui</Filter>
    </ClCompile>
    <ClCompile Include="src\ui\OverlayUIInteraction.cpp">
      <Filter>src\ui</Filter>
    </ClCompile>
    <ClCompile Include="src\ui\OverlayWindowScope.cpp">
      <Filter>src\ui</Filter>
    </ClCompile>
    <ClCompile Include="src\ui\OverlayUI.cpp">
      <Filter>src\ui</Filter>
    </ClCompile>
    <ClCompile Include="src\input\InputService.cpp">
      <Filter>src\input</Filter>
    </ClCompile>
    <ClCompile Include="src\effects\GlowEffect.cpp">
      <Filter>src\effects</Filter>
    </ClCompile>
    <ClCompile Include="src\effects\SweepLightEffect.cpp">
      <Filter>src\effects</Filter>
    </ClCompile>
    <ClCompile Include="external\imgui\imgui.cpp">
      <Filter>external\imgui</Filter>
    </ClCompile>
    <ClCompile Include="external\imgui\imgui_draw.cpp">
      <Filter>external\imgui</Filter>
    </ClCompile>
    <ClCompile Include="external\imgui\imgui_tables.cpp">
      <Filter>external\imgui</Filter>
    </ClCompile>
    <ClCompile Include="external\imgui\imgui_widgets.cpp">
      <Filter>external\imgui</Filter>
    </ClCompile>
    <ClCompile Include="external\imgui\backends\imgui_impl_win32.cpp">
      <Filter>external\imgui\backends</Filter>
    </ClCompile>
    <ClCompile Include="external\imgui\backends\imgui_impl_dx11.cpp">
      <Filter>external\imgui\backends</Filter>
    </ClCompile>
  </ItemGroup>
  <ItemGroup>
    <ClInclude Include="src\app\Application.h">
      <Filter>src\app</Filter>
    </ClInclude>
    <ClInclude Include="src\platform\Win32Window.h">
      <Filter>src\platform</Filter>
    </ClInclude>
    <ClInclude Include="src\rendering\D3D11Renderer.h">
      <Filter>src\rendering</Filter>
    </ClInclude>
    <ClInclude Include="src\ui\KeyboardLayoutPresets.h">
      <Filter>src\ui</Filter>
    </ClInclude>
    <ClInclude Include="src\ui\OverlayConsoleCommandTracker.h">
      <Filter>src\ui</Filter>
    </ClInclude>
    <ClInclude Include="src\ui\OverlayContentRenderer.h">
      <Filter>src\ui</Filter>
    </ClInclude>
    <ClInclude Include="src\ui\OverlayFontAtlas.h">
      <Filter>src\ui</Filter>
    </ClInclude>
    <ClInclude Include="src\ui\OverlayKeyRenderer.h">
      <Filter>src\ui</Filter>
    </ClInclude>
    <ClInclude Include="src\ui\OverlayUILayout.h">
      <Filter>src\ui</Filter>
    </ClInclude>
    <ClInclude Include="src\ui\OverlayPanelMetrics.h">
      <Filter>src\ui</Filter>
    </ClInclude>
    <ClInclude Include="src\ui\OverlayPanelRenderer.h">
      <Filter>src\ui</Filter>
    </ClInclude>
    <ClInclude Include="src\ui\OverlayRenderContext.h">
      <Filter>src\ui</Filter>
    </ClInclude>
    <ClInclude Include="src\ui\OverlayStateUpdater.h">
      <Filter>src\ui</Filter>
    </ClInclude>
    <ClInclude Include="src\ui\OverlayUICallbacks.h">
      <Filter>src\ui</Filter>
    </ClInclude>
    <ClInclude Include="src\ui\OverlayUIConfig.h">
      <Filter>src\ui</Filter>
    </ClInclude>
    <ClInclude Include="src\ui\OverlayUIInteraction.h">
      <Filter>src\ui</Filter>
    </ClInclude>
    <ClInclude Include="src\ui\OverlayWindowScope.h">
      <Filter>src\ui</Filter>
    </ClInclude>
    <ClInclude Include="src\ui\OverlayUI.h">
      <Filter>src\ui</Filter>
    </ClInclude>
    <ClInclude Include="src\input\InputService.h">
      <Filter>src\input</Filter>
    </ClInclude>
    <ClInclude Include="src\models\KeyState.h">
      <Filter>src\models</Filter>
    </ClInclude>
    <ClInclude Include="src\models\InputEvent.h">
      <Filter>src\models</Filter>
    </ClInclude>
    <ClInclude Include="src\effects\GlowEffect.h">
      <Filter>src\effects</Filter>
    </ClInclude>
    <ClInclude Include="src\effects\SweepLightEffect.h">
      <Filter>src\effects</Filter>
    </ClInclude>
    <ClInclude Include="src\util\Constants.h">
      <Filter>src\util</Filter>
    </ClInclude>
    <ClInclude Include="external\imgui\imgui.h">
      <Filter>external\imgui</Filter>
    </ClInclude>
    <ClInclude Include="external\imgui\backends\imgui_impl_win32.h">
      <Filter>external\imgui\backends</Filter>
    </ClInclude>
    <ClInclude Include="external\imgui\backends\imgui_impl_dx11.h">
      <Filter>external\imgui\backends</Filter>
    </ClInclude>
  </ItemGroup>
</Project>
